
Microsoft Visual Studio Solution File, Format Version 12.00
# Visual Studio for Mac
Project("{FAE04EC0-301F-11D3-BF4B-00C04F79EFBC}") = "Assembly-CSharp", "Assembly-CSharp.csproj", "{079BD884-BDAA-7601-B58B-8461416A34F3}"
EndProject
Project("{FAE04EC0-301F-11D3-BF4B-00C04F79EFBC}") = "Assembly-CSharp-Editor", "Assembly-CSharp-Editor.csproj", "{7BEBE59F-2B06-E986-0149-B95FAF62BA67}"
EndProject
Global
	GlobalSection(SolutionConfigurationPlatforms) = preSolution
		Debug|Any CPU = Debug|Any CPU
		Release|Any CPU = Release|Any CPU
	EndGlobalSection
	GlobalSection(ProjectConfigurationPlatforms) = postSolution
		{079BD884-BDAA-7601-B58B-8461416A34F3}.Debug|Any CPU.ActiveCfg = Debug|Any CPU
		{079BD884-BDAA-7601-B58B-8461416A34F3}.Debug|Any CPU.Build.0 = Debug|Any CPU
		{079BD884-BDAA-7601-B58B-8461416A34F3}.Release|Any CPU.ActiveCfg = Release|Any CPU
		{079BD884-BDAA-7601-B58B-8461416A34F3}.Release|Any CPU.Build.0 = Release|Any CPU
		{7BEBE59F-2B06-E986-0149-B95FAF62BA67}.Debug|Any CPU.ActiveCfg = Debug|Any CPU
		{7BEBE59F-2B06-E986-0149-B95FAF62BA67}.Debug|Any CPU.Build.0 = Debug|Any CPU
		{7BEBE59F-2B06-E986-0149-B95FAF62BA67}.Release|Any CPU.ActiveCfg = Release|Any CPU
		{7BEBE59F-2B06-E986-0149-B95FAF62BA67}.Release|Any CPU.Build.0 = Release|Any CPU
	EndGlobalSection
	GlobalSection(SolutionProperties) = preSolution
		HideSolutionNode = FALSE
	EndGlobalSection
EndGlobal
